
Microsoft Visual Studio Solution File, Format Version 12.00
# Visual Studio Version 16
VisualStudioVersion = 16.0.29806.167
MinimumVisualStudioVersion = 10.0.40219.1
Project("{FAE04EC0-301F-11D3-BF4B-00C04F79EFBC}") = "Templates", "Templates\Templates.csproj", "{C42DE948-BC80-429D-99E3-E85D6C7D633A}"
EndProject
Project("{FAE04EC0-301F-11D3-BF4B-00C04F79EFBC}") = "Style", "Base\Style.csproj", "{BBF385F1-AAA3-4FF9-9837-53FA2EE02D1A}"
EndProject
Project("{FAE04EC0-301F-11D3-BF4B-00C04F79EFBC}") = "BindingElements", "BindingElements\BindingElements.csproj", "{FBB39894-50D7-4FDA-B278-267322D731EB}"
EndProject
Project("{FAE04EC0-301F-11D3-BF4B-00C04F79EFBC}") = "Triggers", "Triggers\Triggers.csproj", "{78B14293-1DA7-4971-8076-90B65892CB69}"
EndProject
Project("{FAE04EC0-301F-11D3-BF4B-00C04F79EFBC}") = "Commands", "Commands\Commands.csproj", "{D4A870D1-19F9-45A0-94CF-362BE7E57070}"
EndProject
Project("{FAE04EC0-301F-11D3-BF4B-00C04F79EFBC}") = "MVVM", "MVVM\MVVM.csproj", "{752F5F00-8D2B-402E-9F63-E18D26B1CAC7}"
EndProject
Project("{9A19103F-16F7-4668-BE54-9A1E7A4F7556}") = "OpenGL", "OpenGL\OpenGL.csproj", "{12606596-C2A6-4ED7-B045-B27D4A324034}"
EndProject
Project("{9A19103F-16F7-4668-BE54-9A1E7A4F7556}") = "ListViewBinding", "ListViewBinding\ListViewBinding.csproj", "{A75FC4CC-004D-4C06-AE12-1E8EDFF4B788}"
EndProject
Project("{2150E333-8FDC-42A3-9474-1A3956D46DE8}") = "Solution Items", "Solution Items", "{0A2DDD01-0DD1-4A96-BE93-E90F82A09AF2}"
	ProjectSection(SolutionItems) = preProject
		ReadMe.txt = ReadMe.txt
	EndProjectSection
EndProject
Project("{FAE04EC0-301F-11D3-BF4B-00C04F79EFBC}") = "ListViewBindingMVVM", "ListViewBindingMVVM\ListViewBindingMVVM.csproj", "{88495C7C-79A7-4F8F-B141-B8B8BEC1F39C}"
EndProject
Global
	GlobalSection(SolutionConfigurationPlatforms) = preSolution
		Debug|Any CPU = Debug|Any CPU
		Release|Any CPU = Release|Any CPU
	EndGlobalSection
	GlobalSection(ProjectConfigurationPlatforms) = postSolution
		{C42DE948-BC80-429D-99E3-E85D6C7D633A}.Debug|Any CPU.ActiveCfg = Debug|Any CPU
		{C42DE948-BC80-429D-99E3-E85D6C7D633A}.Debug|Any CPU.Build.0 = Debug|Any CPU
		{C42DE948-BC80-429D-99E3-E85D6C7D633A}.Release|Any CPU.ActiveCfg = Release|Any CPU
		{C42DE948-BC80-429D-99E3-E85D6C7D633A}.Release|Any CPU.Build.0 = Release|Any CPU
		{BBF385F1-AAA3-4FF9-9837-53FA2EE02D1A}.Debug|Any CPU.ActiveCfg = Debug|Any CPU
		{BBF385F1-AAA3-4FF9-9837-53FA2EE02D1A}.Debug|Any CPU.Build.0 = Debug|Any CPU
		{BBF385F1-AAA3-4FF9-9837-53FA2EE02D1A}.Release|Any CPU.ActiveCfg = Release|Any CPU
		{BBF385F1-AAA3-4FF9-9837-53FA2EE02D1A}.Release|Any CPU.Build.0 = Release|Any CPU
		{FBB39894-50D7-4FDA-B278-267322D731EB}.Debug|Any CPU.ActiveCfg = Debug|Any CPU
		{FBB39894-50D7-4FDA-B278-267322D731EB}.Debug|Any CPU.Build.0 = Debug|Any CPU
		{FBB39894-50D7-4FDA-B278-267322D731EB}.Release|Any CPU.ActiveCfg = Release|Any CPU
		{FBB39894-50D7-4FDA-B278-267322D731EB}.Release|Any CPU.Build.0 = Release|Any CPU
		{78B14293-1DA7-4971-8076-90B65892CB69}.Debug|Any CPU.ActiveCfg = Debug|Any CPU
		{78B14293-1DA7-4971-8076-90B65892CB69}.Debug|Any CPU.Build.0 = Debug|Any CPU
		{78B14293-1DA7-4971-8076-90B65892CB69}.Release|Any CPU.ActiveCfg = Release|Any CPU
		{78B14293-1DA7-4971-8076-90B65892CB69}.Release|Any CPU.Build.0 = Release|Any CPU
		{D4A870D1-19F9-45A0-94CF-362BE7E57070}.Debug|Any CPU.ActiveCfg = Debug|Any CPU
		{D4A870D1-19F9-45A0-94CF-362BE7E57070}.Debug|Any CPU.Build.0 = Debug|Any CPU
		{D4A870D1-19F9-45A0-94CF-362BE7E57070}.Release|Any CPU.ActiveCfg = Release|Any CPU
		{D4A870D1-19F9-45A0-94CF-362BE7E57070}.Release|Any CPU.Build.0 = Release|Any CPU
		{752F5F00-8D2B-402E-9F63-E18D26B1CAC7}.Debug|Any CPU.ActiveCfg = Debug|Any CPU
		{752F5F00-8D2B-402E-9F63-E18D26B1CAC7}.Debug|Any CPU.Build.0 = Debug|Any CPU
		{752F5F00-8D2B-402E-9F63-E18D26B1CAC7}.Release|Any CPU.ActiveCfg = Release|Any CPU
		{752F5F00-8D2B-402E-9F63-E18D26B1CAC7}.Release|Any CPU.Build.0 = Release|Any CPU
		{12606596-C2A6-4ED7-B045-B27D4A324034}.Debug|Any CPU.ActiveCfg = Debug|Any CPU
		{12606596-C2A6-4ED7-B045-B27D4A324034}.Debug|Any CPU.Build.0 = Debug|Any CPU
		{12606596-C2A6-4ED7-B045-B27D4A324034}.Release|Any CPU.ActiveCfg = Release|Any CPU
		{12606596-C2A6-4ED7-B045-B27D4A324034}.Release|Any CPU.Build.0 = Release|Any CPU
		{A75FC4CC-004D-4C06-AE12-1E8EDFF4B788}.Debug|Any CPU.ActiveCfg = Debug|Any CPU
		{A75FC4CC-004D-4C06-AE12-1E8EDFF4B788}.Debug|Any CPU.Build.0 = Debug|Any CPU
		{A75FC4CC-004D-4C06-AE12-1E8EDFF4B788}.Release|Any CPU.ActiveCfg = Release|Any CPU
		{A75FC4CC-004D-4C06-AE12-1E8EDFF4B788}.Release|Any CPU.Build.0 = Release|Any CPU
		{88495C7C-79A7-4F8F-B141-B8B8BEC1F39C}.Debug|Any CPU.ActiveCfg = Debug|Any CPU
		{88495C7C-79A7-4F8F-B141-B8B8BEC1F39C}.Debug|Any CPU.Build.0 = Debug|Any CPU
		{88495C7C-79A7-4F8F-B141-B8B8BEC1F39C}.Release|Any CPU.ActiveCfg = Release|Any CPU
		{88495C7C-79A7-4F8F-B141-B8B8BEC1F39C}.Release|Any CPU.Build.0 = Release|Any CPU
	EndGlobalSection
	GlobalSection(SolutionProperties) = preSolution
		HideSolutionNode = FALSE
	EndGlobalSection
	GlobalSection(ExtensibilityGlobals) = postSolution
		SolutionGuid = {8CA14CAE-C091-42C5-A5D3-4390DAD1F775}
	EndGlobalSection
EndGlobal
